// !$*UTF8*$!
{
	archiveVersion = 1;
	classes = {
	};
	objectVersion = 50;
	objects = {

/* Begin PBXBuildFile section */
		0717A09A2557A7B2006DFF3B /* AppDelegate.swift in Sources */ = {isa = PBXBuildFile; fileRef = 0717A0992557A7B2006DFF3B /* AppDelegate.swift */; };
		0717A09C2557A7B2006DFF3B /* ViewController.swift in Sources */ = {isa = PBXBuildFile; fileRef = 0717A09B2557A7B2006DFF3B /* ViewController.swift */; };
		0717A09E2557A7B3006DFF3B /* Assets.xcassets in Resources */ = {isa = PBXBuildFile; fileRef = 0717A09D2557A7B3006DFF3B /* Assets.xcassets */; };
		0717A0A12557A7B3006DFF3B /* Main.storyboard in Resources */ = {isa = PBXBuildFile; fileRef = 0717A09F2557A7B3006DFF3B /* Main.storyboard */; };
		0717A0AB2557A8C2006DFF3B /* BoardView.swift in Sources */ = {isa = PBXBuildFile; fileRef = 0717A0AA2557A8C2006DFF3B /* BoardView.swift */; };
		07AA516E255A046500C6D8AC /* ArrayTests.swift in Sources */ = {isa = PBXBuildFile; fileRef = 07AA516D255A046500C6D8AC /* ArrayTests.swift */; };
		07AA5174255A453B00C6D8AC /* Conn4Piece.swift in Sources */ = {isa = PBXBuildFile; fileRef = 07AA5173255A453B00C6D8AC /* Conn4Piece.swift */; };
		07AA517A255A4DF700C6D8AC /* Conn4Player.swift in Sources */ = {isa = PBXBuildFile; fileRef = 07AA5179255A4DF700C6D8AC /* Conn4Player.swift */; };
		07AA5180255A4F4C00C6D8AC /* Conn4Board.swift in Sources */ = {isa = PBXBuildFile; fileRef = 07AA517F255A4F4C00C6D8AC /* Conn4Board.swift */; };
/* End PBXBuildFile section */

/* Begin PBXContainerItemProxy section */
		07AA5166255A040700C6D8AC /* PBXContainerItemProxy */ = {
			isa = PBXContainerItemProxy;
			containerPortal = 0717A08E2557A7B2006DFF3B /* Project object */;
			proxyType = 1;
			remoteGlobalIDString = 0717A0952557A7B2006DFF3B;
			remoteInfo = Connect4;
		};
/* End PBXContainerItemProxy section */

/* Begin PBXFileReference section */
		0717A0962557A7B2006DFF3B /* Connect4.app */ = {isa = PBXFileReference; explicitFileType = wrapper.application; includeInIndex = 0; path = Connect4.app; sourceTree = BUILT_PRODUCTS_DIR; };
		0717A0992557A7B2006DFF3B /* AppDelegate.swift */ = {isa = PBXFileReference; lastKnownFileType = sourcecode.swift; path = AppDelegate.swift; sourceTree = "<group>"; };
		0717A09B2557A7B2006DFF3B /* ViewController.swift */ = {isa = PBXFileReference; lastKnownFileType = sourcecode.swift; path = ViewController.swift; sourceTree = "<group>"; };
		0717A09D2557A7B3006DFF3B /* Assets.xcassets */ = {isa = PBXFileReference; lastKnownFileType = folder.assetcatalog; path = Assets.xcassets; sourceTree = "<group>"; };
		0717A0A02557A7B3006DFF3B /* Base */ = {isa = PBXFileReference; lastKnownFileType = file.storyboard; name = Base; path = Base.lproj/Main.storyboard; sourceTree = "<group>"; };
		0717A0A22557A7B3006DFF3B /* Info.plist */ = {isa = PBXFileReference; lastKnownFileType = text.plist.xml; path = Info.plist; sourceTree = "<group>"; };
		0717A0A32557A7B3006DFF3B /* Connect4.entitlements */ = {isa = PBXFileReference; lastKnownFileType = text.plist.entitlements; path = Connect4.entitlements; sourceTree = "<group>"; };
		0717A0AA2557A8C2006DFF3B /* BoardView.swift */ = {isa = PBXFileReference; lastKnownFileType = sourcecode.swift; path = BoardView.swift; sourceTree = "<group>"; };
		07AA5161255A040700C6D8AC /* Connect4Tests.xctest */ = {isa = PBXFileReference; explicitFileType = wrapper.cfbundle; includeInIndex = 0; path = Connect4Tests.xctest; sourceTree = BUILT_PRODUCTS_DIR; };
		07AA5165255A040700C6D8AC /* Info.plist */ = {isa = PBXFileReference; lastKnownFileType = text.plist.xml; path = Info.plist; sourceTree = "<group>"; };
		07AA516D255A046500C6D8AC /* ArrayTests.swift */ = {isa = PBXFileReference; lastKnownFileType = sourcecode.swift; path = ArrayTests.swift; sourceTree = "<group>"; };
		07AA5173255A453B00C6D8AC /* Conn4Piece.swift */ = {isa = PBXFileReference; lastKnownFileType = sourcecode.swift; path = Conn4Piece.swift; sourceTree = "<group>"; };
		07AA5179255A4DF700C6D8AC /* Conn4Player.swift */ = {isa = PBXFileReference; lastKnownFileType = sourcecode.swift; path = Conn4Player.swift; sourceTree = "<group>"; };
		07AA517F255A4F4C00C6D8AC /* Conn4Board.swift */ = {isa = PBXFileReference; lastKnownFileType = sourcecode.swift; path = Conn4Board.swift; sourceTree = "<group>"; };
/* End PBXFileReference section */

/* Begin PBXFrameworksBuildPhase section */
		0717A0932557A7B2006DFF3B /* Frameworks */ = {
			isa = PBXFrameworksBuildPhase;
			buildActionMask = 2147483647;
			files = (
			);
			runOnlyForDeploymentPostprocessing = 0;
		};
		07AA515E255A040700C6D8AC /* Frameworks */ = {
			isa = PBXFrameworksBuildPhase;
			buildActionMask = 2147483647;
			files = (
			);
			runOnlyForDeploymentPostprocessing = 0;
		};
/* End PBXFrameworksBuildPhase section */

/* Begin PBXGroup section */
		0717A08D2557A7B2006DFF3B = {
			isa = PBXGroup;
			children = (
				0717A0982557A7B2006DFF3B /* Connect4 */,
				07AA5162255A040700C6D8AC /* Connect4Tests */,
				0717A0972557A7B2006DFF3B /* Products */,
			);
			sourceTree = "<group>";
		};
		0717A0972557A7B2006DFF3B /* Products */ = {
			isa = PBXGroup;
			children = (
				0717A0962557A7B2006DFF3B /* Connect4.app */,
				07AA5161255A040700C6D8AC /* Connect4Tests.xctest */,
			);
			name = Products;
			sourceTree = "<group>";
		};
		0717A0982557A7B2006DFF3B /* Connect4 */ = {
			isa = PBXGroup;
			children = (
				07AA5179255A4DF700C6D8AC /* Conn4Player.swift */,
				07AA5173255A453B00C6D8AC /* Conn4Piece.swift */,
				07AA517F255A4F4C00C6D8AC /* Conn4Board.swift */,
				0717A0992557A7B2006DFF3B /* AppDelegate.swift */,
				0717A0AA2557A8C2006DFF3B /* BoardView.swift */,
				0717A09B2557A7B2006DFF3B /* ViewController.swift */,
				0717A09D2557A7B3006DFF3B /* Assets.xcassets */,
				0717A09F2557A7B3006DFF3B /* Main.storyboard */,
				0717A0A22557A7B3006DFF3B /* Info.plist */,
				0717A0A32557A7B3006DFF3B /* Connect4.entitlements */,
			);
			path = Connect4;
			sourceTree = "<group>";
		};
		07AA5162255A040700C6D8AC /* Connect4Tests */ = {
			isa = PBXGroup;
			children = (
				07AA516D255A046500C6D8AC /* ArrayTests.swift */,
				07AA5165255A040700C6D8AC /* Info.plist */,
			);
			path = Connect4Tests;
			sourceTree = "<group>";
		};
/* End PBXGroup section */

/* Begin PBXNativeTarget section */
		0717A0952557A7B2006DFF3B /* Connect4 */ = {
			isa = PBXNativeTarget;
			buildConfigurationList = 0717A0A62557A7B3006DFF3B /* Build configuration list for PBXNativeTarget "Connect4" */;
			buildPhases = (
				0717A0922557A7B2006DFF3B /* Sources */,
				0717A0932557A7B2006DFF3B /* Frameworks */,
				0717A0942557A7B2006DFF3B /* Resources */,
			);
			buildRules = (
			);
			dependencies = (
			);
			name = Connect4;
			productName = Connect4;
			productReference = 0717A0962557A7B2006DFF3B /* Connect4.app */;
			productType = "com.apple.product-type.application";
		};
		07AA5160255A040700C6D8AC /* Connect4Tests */ = {
			isa = PBXNativeTarget;
			buildConfigurationList = 07AA516A255A040700C6D8AC /* Build configuration list for PBXNativeTarget "Connect4Tests" */;
			buildPhases = (
				07AA515D255A040700C6D8AC /* Sources */,
				07AA515E255A040700C6D8AC /* Frameworks */,
				07AA515F255A040700C6D8AC /* Resources */,
			);
			buildRules = (
			);
			dependencies = (
				07AA5167255A040700C6D8AC /* PBXTargetDependency */,
			);
			name = Connect4Tests;
			productName = Connect4Tests;
			productReference = 07AA5161255A040700C6D8AC /* Connect4Tests.xctest */;
			productType = "com.apple.product-type.bundle.unit-test";
		};
/* End PBXNativeTarget section */

/* Begin PBXProject section */
		0717A08E2557A7B2006DFF3B /* Project object */ = {
			isa = PBXProject;
			attributes = {
				LastSwiftUpdateCheck = 1210;
				LastUpgradeCheck = 1210;
				TargetAttributes = {
					0717A0952557A7B2006DFF3B = {
						CreatedOnToolsVersion = 12.1;
					};
					07AA5160255A040700C6D8AC = {
						CreatedOnToolsVersion = 12.1;
						TestTargetID = 0717A0952557A7B2006DFF3B;
					};
				};
			};
			buildConfigurationList = 0717A0912557A7B2006DFF3B /* Build configuration list for PBXProject "Connect4" */;
			compatibilityVersion = "Xcode 9.3";
			developmentRegion = en;
			hasScannedForEncodings = 0;
			knownRegions = (
				en,
				Base,
			);
			mainGroup = 0717A08D2557A7B2006DFF3B;
			productRefGroup = 0717A0972557A7B2006DFF3B /* Products */;
			projectDirPath = "";
			projectRoot = "";
			targets = (
				0717A0952557A7B2006DFF3B /* Connect4 */,
				07AA5160255A040700C6D8AC /* Connect4Tests */,
			);
		};
/* End PBXProject section */

/* Begin PBXResourcesBuildPhase section */
		0717A0942557A7B2006DFF3B /* Resources */ = {
			isa = PBXResourcesBuildPhase;
			buildActionMask = 2147483647;
			files = (
				0717A09E2557A7B3006DFF3B /* Assets.xcassets in Resources */,
				0717A0A12557A7B3006DFF3B /* Main.storyboard in Resources */,
			);
			runOnlyForDeploymentPostprocessing = 0;
		};
		07AA515F255A040700C6D8AC /* Resources */ = {
			isa = PBXResourcesBuildPhase;
			buildActionMask = 2147483647;
			files = (
			);
			runOnlyForDeploymentPostprocessing = 0;
		};
/* End PBXResourcesBuildPhase section */

/* Begin PBXSourcesBuildPhase section */
		0717A0922557A7B2006DFF3B /* Sources */ = {
			isa = PBXSourcesBuildPhase;
			buildActionMask = 2147483647;
			files = (
				0717A0AB2557A8C2006DFF3B /* BoardView.swift in Sources */,
				07AA5180255A4F4C00C6D8AC /* Conn4Board.swift in Sources */,
				07AA517A255A4DF700C6D8AC /* Conn4Player.swift in Sources */,
				0717A09C2557A7B2006DFF3B /* ViewController.swift in Sources */,
				0717A09A2557A7B2006DFF3B /* AppDelegate.swift in Sources */,
				07AA5174255A453B00C6D8AC /* Conn4Piece.swift in Sources */,
			);
			runOnlyForDeploymentPostprocessing = 0;
		};
		07AA515D255A040700C6D8AC /* Sources */ = {
			isa = PBXSourcesBuildPhase;
			buildActionMask = 2147483647;
			files = (
				07AA516E255A046500C6D8AC /* ArrayTests.swift in Sources */,
			);
			runOnlyForDeploymentPostprocessing = 0;
		};
/* End PBXSourcesBuildPhase section */

/* Begin PBXTargetDependency section */
		07AA5167255A040700C6D8AC /* PBXTargetDependency */ = {
			isa = PBXTargetDependency;
			target = 0717A0952557A7B2006DFF3B /* Connect4 */;
			targetProxy = 07AA5166255A040700C6D8AC /* PBXContainerItemProxy */;
		};
/* End PBXTargetDependency section */

/* Begin PBXVariantGroup section */
		0717A09F2557A7B3006DFF3B /* Main.storyboard */ = {
			isa = PBXVariantGroup;
			children = (
				0717A0A02557A7B3006DFF3B /* Base */,
			);
			name = Main.storyboard;
			sourceTree = "<group>";
		};
/* End PBXVariantGroup section */

/* Begin XCBuildConfiguration section */
		0717A0A42557A7B3006DFF3B /* Debug */ = {
			isa = XCBuildConfiguration;
			buildSettings = {
				ALWAYS_SEARCH_USER_PATHS = NO;
				CLANG_ANALYZER_NONNULL = YES;
				CLANG_ANALYZER_NUMBER_OBJECT_CONVERSION = YES_AGGRESSIVE;
				CLANG_CXX_LANGUAGE_STANDARD = "gnu++14";
				CLANG_CXX_LIBRARY = "libc++";
				CLANG_ENABLE_MODULES = YES;
				CLANG_ENABLE_OBJC_ARC = YES;
				CLANG_ENABLE_OBJC_WEAK = YES;
				CLANG_WARN_BLOCK_CAPTURE_AUTORELEASING = YES;
				CLANG_WARN_BOOL_CONVERSION = YES;
				CLANG_WARN_COMMA = YES;
				CLANG_WARN_CONSTANT_CONVERSION = YES;
				CLANG_WARN_DEPRECATED_OBJC_IMPLEMENTATIONS = YES;
				CLANG_WARN_DIRECT_OBJC_ISA_USAGE = YES_ERROR;
				CLANG_WARN_DOCUMENTATION_COMMENTS = YES;
				CLANG_WARN_EMPTY_BODY = YES;
				CLANG_WARN_ENUM_CONVERSION = YES;
				CLANG_WARN_INFINITE_RECURSION = YES;
				CLANG_WARN_INT_CONVERSION = YES;
				CLANG_WARN_NON_LITERAL_NULL_CONVERSION = YES;
				CLANG_WARN_OBJC_IMPLICIT_RETAIN_SELF = YES;
				CLANG_WARN_OBJC_LITERAL_CONVERSION = YES;
				CLANG_WARN_OBJC_ROOT_CLASS = YES_ERROR;
				CLANG_WARN_QUOTED_INCLUDE_IN_FRAMEWORK_HEADER = YES;
				CLANG_WARN_RANGE_LOOP_ANALYSIS = YES;
				CLANG_WARN_STRICT_PROTOTYPES = YES;
				CLANG_WARN_SUSPICIOUS_MOVE = YES;
				CLANG_WARN_UNGUARDED_AVAILABILITY = YES_AGGRESSIVE;
				CLANG_WARN_UNREACHABLE_CODE = YES;
				CLANG_WARN__DUPLICATE_METHOD_MATCH = YES;
				COPY_PHASE_STRIP = NO;
				DEBUG_INFORMATION_FORMAT = dwarf;
				ENABLE_STRICT_OBJC_MSGSEND = YES;
				ENABLE_TESTABILITY = YES;
				GCC_C_LANGUAGE_STANDARD = gnu11;
				GCC_DYNAMIC_NO_PIC = NO;
				GCC_NO_COMMON_BLOCKS = YES;
				GCC_OPTIMIZATION_LEVEL = 0;
				GCC_PREPROCESSOR_DEFINITIONS = (
					"DEBUG=1",
					"$(inherited)",
				);
				GCC_WARN_64_TO_32_BIT_CONVERSION = YES;
				GCC_WARN_ABOUT_RETURN_TYPE = YES_ERROR;
				GCC_WARN_UNDECLARED_SELECTOR = YES;
				GCC_WARN_UNINITIALIZED_AUTOS = YES_AGGRESSIVE;
				GCC_WARN_UNUSED_FUNCTION = YES;
				GCC_WARN_UNUSED_VARIABLE = YES;
				MACOSX_DEPLOYMENT_TARGET = 10.15;
				MTL_ENABLE_DEBUG_INFO = INCLUDE_SOURCE;
				MTL_FAST_MATH = YES;
				ONLY_ACTIVE_ARCH = YES;
				SDKROOT = macosx;
				SWIFT_ACTIVE_COMPILATION_CONDITIONS = DEBUG;
				SWIFT_OPTIMIZATION_LEVEL = "-Onone";
			};
			name = Debug;
		};
		0717A0A52557A7B3006DFF3B /* Release */ = {
			isa = XCBuildConfiguration;
			buildSettings = {
				ALWAYS_SEARCH_USER_PATHS = NO;
				CLANG_ANALYZER_NONNULL = YES;
				CLANG_ANALYZER_NUMBER_OBJECT_CONVERSION = YES_AGGRESSIVE;
				CLANG_CXX_LANGUAGE_STANDARD = "gnu++14";
				CLANG_CXX_LIBRARY = "libc++";
				CLANG_ENABLE_MODULES = YES;
				CLANG_ENABLE_OBJC_ARC = YES;
				CLANG_ENABLE_OBJC_WEAK = YES;
				CLANG_WARN_BLOCK_CAPTURE_AUTORELEASING = YES;
				CLANG_WARN_BOOL_CONVERSION = YES;
				CLANG_WARN_COMMA = YES;
				CLANG_WARN_CONSTANT_CONVERSION = YES;
				CLANG_WARN_DEPRECATED_OBJC_IMPLEMENTATIONS = YES;
				CLANG_WARN_DIRECT_OBJC_ISA_USAGE = YES_ERROR;
				CLANG_WARN_DOCUMENTATION_COMMENTS = YES;
				CLANG_WARN_EMPTY_BODY = YES;
				CLANG_WARN_ENUM_CONVERSION = YES;
				CLANG_WARN_INFINITE_RECURSION = YES;
				CLANG_WARN_INT_CONVERSION = YES;
				CLANG_WARN_NON_LITERAL_NULL_CONVERSION = YES;
				CLANG_WARN_OBJC_IMPLICIT_RETAIN_SELF = YES;
				CLANG_WARN_OBJC_LITERAL_CONVERSION = YES;
				CLANG_WARN_OBJC_ROOT_CLASS = YES_ERROR;
				CLANG_WARN_QUOTED_INCLUDE_IN_FRAMEWORK_HEADER = YES;
				CLANG_WARN_RANGE_LOOP_ANALYSIS = YES;
				CLANG_WARN_STRICT_PROTOTYPES = YES;
				CLANG_WARN_SUSPICIOUS_MOVE = YES;
				CLANG_WARN_UNGUARDED_AVAILABILITY = YES_AGGRESSIVE;
				CLANG_WARN_UNREACHABLE_CODE = YES;
				CLANG_WARN__DUPLICATE_METHOD_MATCH = YES;
				COPY_PHASE_STRIP = NO;
				DEBUG_INFORMATION_FORMAT = "dwarf-with-dsym";
				ENABLE_NS_ASSERTIONS = NO;
				ENABLE_STRICT_OBJC_MSGSEND = YES;
				GCC_C_LANGUAGE_STANDARD = gnu11;
				GCC_NO_COMMON_BLOCKS = YES;
				GCC_WARN_64_TO_32_BIT_CONVERSION = YES;
				GCC_WARN_ABOUT_RETURN_TYPE = YES_ERROR;
				GCC_WARN_UNDECLARED_SELECTOR = YES;
				GCC_WARN_UNINITIALIZED_AUTOS = YES_AGGRESSIVE;
				GCC_WARN_UNUSED_FUNCTION = YES;
				GCC_WARN_UNUSED_VARIABLE = YES;
				MACOSX_DEPLOYMENT_TARGET = 10.15;
				MTL_ENABLE_DEBUG_INFO = NO;
				MTL_FAST_MATH = YES;
				SDKROOT = macosx;
				SWIFT_COMPILATION_MODE = wholemodule;
				SWIFT_OPTIMIZATION_LEVEL = "-O";
			};
			name = Release;
		};
		0717A0A72557A7B3006DFF3B /* Debug */ = {
			isa = XCBuildConfiguration;
			buildSettings = {
				ASSETCATALOG_COMPILER_APPICON_NAME = AppIcon;
				ASSETCATALOG_COMPILER_GLOBAL_ACCENT_COLOR_NAME = AccentColor;
				CODE_SIGN_ENTITLEMENTS = Connect4/Connect4.entitlements;
				CODE_SIGN_STYLE = Automatic;
				COMBINE_HIDPI_IMAGES = YES;
				DEVELOPMENT_TEAM = J8B74FCZCC;
				ENABLE_HARDENED_RUNTIME = YES;
				INFOPLIST_FILE = Connect4/Info.plist;
				LD_RUNPATH_SEARCH_PATHS = (
					"$(inherited)",
					"@executable_path/../Frameworks",
				);
				PRODUCT_BUNDLE_IDENTIFIER = com.goldthumb.Connect4;
				PRODUCT_NAME = "$(TARGET_NAME)";
				SWIFT_VERSION = 5.0;
			};
			name = Debug;
		};
		0717A0A82557A7B3006DFF3B /* Release */ = {
			isa = XCBuildConfiguration;
			buildSettings = {
				ASSETCATALOG_COMPILER_APPICON_NAME = AppIcon;
				ASSETCATALOG_COMPILER_GLOBAL_ACCENT_COLOR_NAME = AccentColor;
				CODE_SIGN_ENTITLEMENTS = Connect4/Connect4.entitlements;
				CODE_SIGN_STYLE = Automatic;
				COMBINE_HIDPI_IMAGES = YES;
				DEVELOPMENT_TEAM = J8B74FCZCC;
				ENABLE_HARDENED_RUNTIME = YES;
				INFOPLIST_FILE = Connect4/Info.plist;
				LD_RUNPATH_SEARCH_PATHS = (
					"$(inherited)",
					"@executable_path/../Frameworks",
				);
				PRODUCT_BUNDLE_IDENTIFIER = com.goldthumb.Connect4;
				PRODUCT_NAME = "$(TARGET_NAME)";
				SWIFT_VERSION = 5.0;
			};
			name = Release;
		};
		07AA5168255A040700C6D8AC /* Debug */ = {
			isa = XCBuildConfiguration;
			buildSettings = {
				BUNDLE_LOADER = "$(TEST_HOST)";
				CODE_SIGN_STYLE = Automatic;
				COMBINE_HIDPI_IMAGES = YES;
				DEVELOPMENT_TEAM = J8B74FCZCC;
				INFOPLIST_FILE = Connect4Tests/Info.plist;
				LD_RUNPATH_SEARCH_PATHS = (
					"$(inherited)",
					"@executable_path/../Frameworks",
					"@loader_path/../Frameworks",
				);
				PRODUCT_BUNDLE_IDENTIFIER = com.goldthumb.Connect4Tests;
				PRODUCT_NAME = "$(TARGET_NAME)";
				SWIFT_VERSION = 5.0;
				TEST_HOST = "$(BUILT_PRODUCTS_DIR)/Connect4.app/Contents/MacOS/Connect4";
			};
			name = Debug;
		};
		07AA5169255A040700C6D8AC /* Release */ = {
			isa = XCBuildConfiguration;
			buildSettings = {
				BUNDLE_LOADER = "$(TEST_HOST)";
				CODE_SIGN_STYLE = Automatic;
				COMBINE_HIDPI_IMAGES = YES;
				DEVELOPMENT_TEAM = J8B74FCZCC;
				INFOPLIST_FILE = Connect4Tests/Info.plist;
				LD_RUNPATH_SEARCH_PATHS = (
					"$(inherited)",
					"@executable_path/../Frameworks",
					"@loader_path/../Frameworks",
				);
				PRODUCT_BUNDLE_IDENTIFIER = com.goldthumb.Connect4Tests;
				PRODUCT_NAME = "$(TARGET_NAME)";
				SWIFT_VERSION = 5.0;
				TEST_HOST = "$(BUILT_PRODUCTS_DIR)/Connect4.app/Contents/MacOS/Connect4";
			};
			name = Release;
		};
/* End XCBuildConfiguration section */

/* Begin XCConfigurationList section */
		0717A0912557A7B2006DFF3B /* Build configuration list for PBXProject "Connect4" */ = {
			isa = XCConfigurationList;
			buildConfigurations = (
				0717A0A42557A7B3006DFF3B /* Debug */,
				0717A0A52557A7B3006DFF3B /* Release */,
			);
			defaultConfigurationIsVisible = 0;
			defaultConfigurationName = Release;
		};
		0717A0A62557A7B3006DFF3B /* Build configuration list for PBXNativeTarget "Connect4" */ = {
			isa = XCConfigurationList;
			buildConfigurations = (
				0717A0A72557A7B3006DFF3B /* Debug */,
				0717A0A82557A7B3006DFF3B /* Release */,
			);
			defaultConfigurationIsVisible = 0;
			defaultConfigurationName = Release;
		};
		07AA516A255A040700C6D8AC /* Build configuration list for PBXNativeTarget "Connect4Tests" */ = {
			isa = XCConfigurationList;
			buildConfigurations = (
				07AA5168255A040700C6D8AC /* Debug */,
				07AA5169255A040700C6D8AC /* Release */,
			);
			defaultConfigurationIsVisible = 0;
			defaultConfigurationName = Release;
		};
/* End XCConfigurationList section */
	};
	rootObject = 0717A08E2557A7B2006DFF3B /* Project object */;
}
